# @generated - this file is auto-generated by `mise lock` https://mise.en.dev/dev-tools/mise-lock.html

[[tools."aqua:apple/pkl"]]
version = "0.29.1"
backend = "aqua:apple/pkl"

[tools."aqua:apple/pkl"."platforms.linux-arm64"]
checksum = "sha256:e70ab2124748c3c10ffc789ee2961a43d7e5d5cb070cdaba88cf33b7ab1fd9bc"
url = "https://github.com/apple/pkl/releases/download/0.29.1/pkl-linux-aarch64"

[tools."aqua:apple/pkl"."platforms.linux-arm64-musl"]
checksum = "sha256:e70ab2124748c3c10ffc789ee2961a43d7e5d5cb070cdaba88cf33b7ab1fd9bc"
url = "https://github.com/apple/pkl/releases/download/0.29.1/pkl-linux-aarch64"

[tools."aqua:apple/pkl"."platforms.linux-x64"]
checksum = "sha256:0925a87b00f19d40c4cf8a3eadb0b2af3138f2a8c15071966d51f5c737b42804"
url = "https://github.com/apple/pkl/releases/download/0.29.1/pkl-linux-amd64"

[tools."aqua:apple/pkl"."platforms.linux-x64-baseline"]
checksum = "sha256:0925a87b00f19d40c4cf8a3eadb0b2af3138f2a8c15071966d51f5c737b42804"
url = "https://github.com/apple/pkl/releases/download/0.29.1/pkl-linux-amd64"

[tools."aqua:apple/pkl"."platforms.linux-x64-musl"]
checksum = "sha256:0925a87b00f19d40c4cf8a3eadb0b2af3138f2a8c15071966d51f5c737b42804"
url = "https://github.com/apple/pkl/releases/download/0.29.1/pkl-linux-amd64"

[tools."aqua:apple/pkl"."platforms.linux-x64-musl-baseline"]
checksum = "sha256:0925a87b00f19d40c4cf8a3eadb0b2af3138f2a8c15071966d51f5c737b42804"
url = "https://github.com/apple/pkl/releases/download/0.29.1/pkl-linux-amd64"

[tools."aqua:apple/pkl"."platforms.macos-arm64"]
checksum = "sha256:75ca92e3eee7746e22b0f8a55bf1ee5c3ea0a78eec14586cd5618a9195707d5c"
url = "https://github.com/apple/pkl/releases/download/0.29.1/pkl-macos-aarch64"

[tools."aqua:apple/pkl"."platforms.macos-x64"]
checksum = "sha256:8561a2c9d0e01bf15d54905ad8bacdb1e40bb6e241f6e158d10dc9bc69547c09"
url = "https://github.com/apple/pkl/releases/download/0.29.1/pkl-macos-amd64"

[tools."aqua:apple/pkl"."platforms.macos-x64-baseline"]
checksum = "sha256:8561a2c9d0e01bf15d54905ad8bacdb1e40bb6e241f6e158d10dc9bc69547c09"
url = "https://github.com/apple/pkl/releases/download/0.29.1/pkl-macos-amd64"

[tools."aqua:apple/pkl"."platforms.windows-x64"]
checksum = "sha256:5388dddb8f9832233707cc48e77343ae65a7684bca19d94454d096cc66bb3e70"
url = "https://github.com/apple/pkl/releases/download/0.29.1/pkl-windows-amd64.exe"

[tools."aqua:apple/pkl"."platforms.windows-x64-baseline"]
checksum = "sha256:5388dddb8f9832233707cc48e77343ae65a7684bca19d94454d096cc66bb3e70"
url = "https://github.com/apple/pkl/releases/download/0.29.1/pkl-windows-amd64.exe"

[[tools."aqua:gitleaks/gitleaks"]]
version = "8.30.1"
backend = "aqua:gitleaks/gitleaks"

[tools."aqua:gitleaks/gitleaks"."platforms.linux-arm64"]
checksum = "sha256:e4a487ee7ccd7d3a7f7ec08657610aa3606637dab924210b3aee62570fb4b080"
url = "https://github.com/gitleaks/gitleaks/releases/download/v8.30.1/gitleaks_8.30.1_linux_arm64.tar.gz"

[tools."aqua:gitleaks/gitleaks"."platforms.linux-arm64-musl"]
checksum = "sha256:e4a487ee7ccd7d3a7f7ec08657610aa3606637dab924210b3aee62570fb4b080"
url = "https://github.com/gitleaks/gitleaks/releases/download/v8.30.1/gitleaks_8.30.1_linux_arm64.tar.gz"

[tools."aqua:gitleaks/gitleaks"."platforms.linux-x64"]
checksum = "sha256:551f6fc83ea457d62a0d98237cbad105af8d557003051f41f3e7ca7b3f2470eb"
url = "https://github.com/gitleaks/gitleaks/releases/download/v8.30.1/gitleaks_8.30.1_linux_x64.tar.gz"

[tools."aqua:gitleaks/gitleaks"."platforms.linux-x64-baseline"]
checksum = "sha256:551f6fc83ea457d62a0d98237cbad105af8d557003051f41f3e7ca7b3f2470eb"
url = "https://github.com/gitleaks/gitleaks/releases/download/v8.30.1/gitleaks_8.30.1_linux_x64.tar.gz"

[tools."aqua:gitleaks/gitleaks"."platforms.linux-x64-musl"]
checksum = "sha256:551f6fc83ea457d62a0d98237cbad105af8d557003051f41f3e7ca7b3f2470eb"
url = "https://github.com/gitleaks/gitleaks/releases/download/v8.30.1/gitleaks_8.30.1_linux_x64.tar.gz"

[tools."aqua:gitleaks/gitleaks"."platforms.linux-x64-musl-baseline"]
checksum = "sha256:551f6fc83ea457d62a0d98237cbad105af8d557003051f41f3e7ca7b3f2470eb"
url = "https://github.com/gitleaks/gitleaks/releases/download/v8.30.1/gitleaks_8.30.1_linux_x64.tar.gz"

[tools."aqua:gitleaks/gitleaks"."platforms.macos-arm64"]
checksum = "sha256:b40ab0ae55c505963e365f271a8d3846efbc170aa17f2607f13df610a9aeb6a5"
url = "https://github.com/gitleaks/gitleaks/releases/download/v8.30.1/gitleaks_8.30.1_darwin_arm64.tar.gz"

[tools."aqua:gitleaks/gitleaks"."platforms.macos-x64"]
checksum = "sha256:dfe101a4db2255fc85120ac7f3d25e4342c3c20cf749f2c20a18081af1952709"
url = "https://github.com/gitleaks/gitleaks/releases/download/v8.30.1/gitleaks_8.30.1_darwin_x64.tar.gz"

[tools."aqua:gitleaks/gitleaks"."platforms.macos-x64-baseline"]
checksum = "sha256:dfe101a4db2255fc85120ac7f3d25e4342c3c20cf749f2c20a18081af1952709"
url = "https://github.com/gitleaks/gitleaks/releases/download/v8.30.1/gitleaks_8.30.1_darwin_x64.tar.gz"

[tools."aqua:gitleaks/gitleaks"."platforms.windows-x64"]
checksum = "sha256:d29144deff3a68aa93ced33dddf84b7fdc26070add4aa0f4513094c8332afc4e"
url = "https://github.com/gitleaks/gitleaks/releases/download/v8.30.1/gitleaks_8.30.1_windows_x64.zip"

[tools."aqua:gitleaks/gitleaks"."platforms.windows-x64-baseline"]
checksum = "sha256:d29144deff3a68aa93ced33dddf84b7fdc26070add4aa0f4513094c8332afc4e"
url = "https://github.com/gitleaks/gitleaks/releases/download/v8.30.1/gitleaks_8.30.1_windows_x64.zip"

[[tools."aqua:golangci/golangci-lint"]]
version = "2.12.2"
backend = "aqua:golangci/golangci-lint"

[tools."aqua:golangci/golangci-lint"."platforms.linux-arm64"]
checksum = "sha256:44cd40a8c76c86755375adfeea52cfd3533cb43d7bd647771e0ae065e166df3a"
url = "https://github.com/golangci/golangci-lint/releases/download/v2.12.2/golangci-lint-2.12.2-linux-arm64.tar.gz"
provenance = "github-attestations"

[tools."aqua:golangci/golangci-lint"."platforms.linux-arm64-musl"]
checksum = "sha256:44cd40a8c76c86755375adfeea52cfd3533cb43d7bd647771e0ae065e166df3a"
url = "https://github.com/golangci/golangci-lint/releases/download/v2.12.2/golangci-lint-2.12.2-linux-arm64.tar.gz"
provenance = "github-attestations"

[tools."aqua:golangci/golangci-lint"."platforms.linux-x64"]
checksum = "sha256:8df580d2670fed8fa984aac0507099af8df275e665215f5c7a2ae3943893a553"
url = "https://github.com/golangci/golangci-lint/releases/download/v2.12.2/golangci-lint-2.12.2-linux-amd64.tar.gz"
provenance = "github-attestations"

[tools."aqua:golangci/golangci-lint"."platforms.linux-x64-baseline"]
checksum = "sha256:8df580d2670fed8fa984aac0507099af8df275e665215f5c7a2ae3943893a553"
url = "https://github.com/golangci/golangci-lint/releases/download/v2.12.2/golangci-lint-2.12.2-linux-amd64.tar.gz"
provenance = "github-attestations"

[tools."aqua:golangci/golangci-lint"."platforms.linux-x64-musl"]
checksum = "sha256:8df580d2670fed8fa984aac0507099af8df275e665215f5c7a2ae3943893a553"
url = "https://github.com/golangci/golangci-lint/releases/download/v2.12.2/golangci-lint-2.12.2-linux-amd64.tar.gz"
provenance = "github-attestations"

[tools."aqua:golangci/golangci-lint"."platforms.linux-x64-musl-baseline"]
checksum = "sha256:8df580d2670fed8fa984aac0507099af8df275e665215f5c7a2ae3943893a553"
url = "https://github.com/golangci/golangci-lint/releases/download/v2.12.2/golangci-lint-2.12.2-linux-amd64.tar.gz"
provenance = "github-attestations"

[tools."aqua:golangci/golangci-lint"."platforms.macos-arm64"]
checksum = "sha256:a9c54498731b3128f79e090be6110f3e5fffccc617b08142ed244d4126c73f29"
url = "https://github.com/golangci/golangci-lint/releases/download/v2.12.2/golangci-lint-2.12.2-darwin-arm64.tar.gz"
provenance = "github-attestations"

[tools."aqua:golangci/golangci-lint"."platforms.macos-x64"]
checksum = "sha256:f6f06d94b6241521c53d15450c5209b028270bf966f842afb11c030c79f5bc16"
url = "https://github.com/golangci/golangci-lint/releases/download/v2.12.2/golangci-lint-2.12.2-darwin-amd64.tar.gz"
provenance = "github-attestations"

[tools."aqua:golangci/golangci-lint"."platforms.macos-x64-baseline"]
checksum = "sha256:f6f06d94b6241521c53d15450c5209b028270bf966f842afb11c030c79f5bc16"
url = "https://github.com/golangci/golangci-lint/releases/download/v2.12.2/golangci-lint-2.12.2-darwin-amd64.tar.gz"
provenance = "github-attestations"

[tools."aqua:golangci/golangci-lint"."platforms.windows-x64"]
checksum = "sha256:bd42e3ebc8cb4ececb86941983baaf1dc221bbb04d838e94ce63b49cc91e02bb"
url = "https://github.com/golangci/golangci-lint/releases/download/v2.12.2/golangci-lint-2.12.2-windows-amd64.zip"
provenance = "github-attestations"

[tools."aqua:golangci/golangci-lint"."platforms.windows-x64-baseline"]
checksum = "sha256:bd42e3ebc8cb4ececb86941983baaf1dc221bbb04d838e94ce63b49cc91e02bb"
url = "https://github.com/golangci/golangci-lint/releases/download/v2.12.2/golangci-lint-2.12.2-windows-amd64.zip"
provenance = "github-attestations"

[[tools."aqua:jdx/hk"]]
version = "1.44.2"
backend = "aqua:jdx/hk"

[tools."aqua:jdx/hk"."platforms.linux-arm64"]
checksum = "sha256:075411c60b897504ed6d0ab8d82cab89d376ef9b476e98b2543852aadec71908"
url = "https://github.com/jdx/hk/releases/download/v1.44.2/hk-aarch64-unknown-linux-gnu.tar.gz"

[tools."aqua:jdx/hk"."platforms.linux-arm64-musl"]
checksum = "sha256:5a595804cf56b1ce1b03659e3202769b1f74a42173a7b31de5c5b03f3c5d9e59"
url = "https://github.com/jdx/hk/releases/download/v1.44.2/hk-aarch64-unknown-linux-musl.tar.gz"

[tools."aqua:jdx/hk"."platforms.linux-x64"]
checksum = "sha256:01b564318f88c2726634c689bea1475d90b8e68e2b67d969442d645cfb1a867f"
url = "https://github.com/jdx/hk/releases/download/v1.44.2/hk-x86_64-unknown-linux-gnu.tar.gz"

[tools."aqua:jdx/hk"."platforms.linux-x64-baseline"]
checksum = "sha256:01b564318f88c2726634c689bea1475d90b8e68e2b67d969442d645cfb1a867f"
url = "https://github.com/jdx/hk/releases/download/v1.44.2/hk-x86_64-unknown-linux-gnu.tar.gz"

[tools."aqua:jdx/hk"."platforms.linux-x64-musl"]
checksum = "sha256:4313d2f452c901ec4ccd5af821822444eb364c05f8ce7708854ec115124eabb3"
url = "https://github.com/jdx/hk/releases/download/v1.44.2/hk-x86_64-unknown-linux-musl.tar.gz"

[tools."aqua:jdx/hk"."platforms.linux-x64-musl-baseline"]
checksum = "sha256:4313d2f452c901ec4ccd5af821822444eb364c05f8ce7708854ec115124eabb3"
url = "https://github.com/jdx/hk/releases/download/v1.44.2/hk-x86_64-unknown-linux-musl.tar.gz"

[tools."aqua:jdx/hk"."platforms.macos-arm64"]
checksum = "sha256:b1d6b50682055ff7b92a6f17122f6a6a49d03f611199a9a470c19ec70d5df770"
url = "https://github.com/jdx/hk/releases/download/v1.44.2/hk-aarch64-apple-darwin.tar.gz"

[tools."aqua:jdx/hk"."platforms.windows-x64"]
checksum = "sha256:58d1c25b42fd103a4df7f549591b46fa7049f1858c3b4ea463123b8b163577d5"
url = "https://github.com/jdx/hk/releases/download/v1.44.2/hk-x86_64-pc-windows-msvc.zip"

[tools."aqua:jdx/hk"."platforms.windows-x64-baseline"]
checksum = "sha256:58d1c25b42fd103a4df7f549591b46fa7049f1858c3b4ea463123b8b163577d5"
url = "https://github.com/jdx/hk/releases/download/v1.44.2/hk-x86_64-pc-windows-msvc.zip"

[[tools."aqua:moonrepo/moon"]]
version = "2.2.2"
backend = "aqua:moonrepo/moon"

[tools."aqua:moonrepo/moon"."platforms.linux-arm64"]
checksum = "sha256:7fca7500bd8f0dbd0533e6a1fffbd4ab4a01c4ec23e968e0875c0c908ea69141"
url = "https://github.com/moonrepo/moon/releases/download/v2.2.2/moon_cli-aarch64-unknown-linux-musl.tar.xz"

[tools."aqua:moonrepo/moon"."platforms.linux-arm64-musl"]
checksum = "sha256:7fca7500bd8f0dbd0533e6a1fffbd4ab4a01c4ec23e968e0875c0c908ea69141"
url = "https://github.com/moonrepo/moon/releases/download/v2.2.2/moon_cli-aarch64-unknown-linux-musl.tar.xz"

[tools."aqua:moonrepo/moon"."platforms.linux-x64"]
checksum = "sha256:c8ad05a7cfcfbe8db0f68bb0b638d3004898d7df00bfc206a341ae6c209c2a7f"
url = "https://github.com/moonrepo/moon/releases/download/v2.2.2/moon_cli-x86_64-unknown-linux-musl.tar.xz"

[tools."aqua:moonrepo/moon"."platforms.linux-x64-baseline"]
checksum = "sha256:c8ad05a7cfcfbe8db0f68bb0b638d3004898d7df00bfc206a341ae6c209c2a7f"
url = "https://github.com/moonrepo/moon/releases/download/v2.2.2/moon_cli-x86_64-unknown-linux-musl.tar.xz"

[tools."aqua:moonrepo/moon"."platforms.linux-x64-musl"]
checksum = "sha256:c8ad05a7cfcfbe8db0f68bb0b638d3004898d7df00bfc206a341ae6c209c2a7f"
url = "https://github.com/moonrepo/moon/releases/download/v2.2.2/moon_cli-x86_64-unknown-linux-musl.tar.xz"

[tools."aqua:moonrepo/moon"."platforms.linux-x64-musl-baseline"]
checksum = "sha256:c8ad05a7cfcfbe8db0f68bb0b638d3004898d7df00bfc206a341ae6c209c2a7f"
url = "https://github.com/moonrepo/moon/releases/download/v2.2.2/moon_cli-x86_64-unknown-linux-musl.tar.xz"

[tools."aqua:moonrepo/moon"."platforms.macos-arm64"]
checksum = "sha256:caa2fe2301bf105ff359b730235e816e7745c5adcea55f3fe56fd0213634488f"
url = "https://github.com/moonrepo/moon/releases/download/v2.2.2/moon_cli-aarch64-apple-darwin.tar.xz"

[tools."aqua:moonrepo/moon"."platforms.windows-x64"]
checksum = "sha256:42bf1e8a5fecd7a1c74c7fcba573d9b7b744842ee7ba82479b974be16f52566b"
url = "https://github.com/moonrepo/moon/releases/download/v2.2.2/moon_cli-x86_64-pc-windows-msvc.zip"

[tools."aqua:moonrepo/moon"."platforms.windows-x64-baseline"]
checksum = "sha256:42bf1e8a5fecd7a1c74c7fcba573d9b7b744842ee7ba82479b974be16f52566b"
url = "https://github.com/moonrepo/moon/releases/download/v2.2.2/moon_cli-x86_64-pc-windows-msvc.zip"

[[tools."aqua:mvdan/gofumpt"]]
version = "0.9.2"
backend = "aqua:mvdan/gofumpt"

[tools."aqua:mvdan/gofumpt"."platforms.linux-arm64"]
checksum = "sha256:5acaa5a554050f55fc81ef02a8b0d14ab6b3c058a84513885286dc52d3451645"
url = "https://github.com/mvdan/gofumpt/releases/download/v0.9.2/gofumpt_v0.9.2_linux_arm64"

[tools."aqua:mvdan/gofumpt"."platforms.linux-arm64-musl"]
checksum = "sha256:5acaa5a554050f55fc81ef02a8b0d14ab6b3c058a84513885286dc52d3451645"
url = "https://github.com/mvdan/gofumpt/releases/download/v0.9.2/gofumpt_v0.9.2_linux_arm64"

[tools."aqua:mvdan/gofumpt"."platforms.linux-x64"]
checksum = "sha256:72cf61b12fef91eab6df6db4a4284f30616b5ead330112e28a1fa1cb15e57339"
url = "https://github.com/mvdan/gofumpt/releases/download/v0.9.2/gofumpt_v0.9.2_linux_amd64"

[tools."aqua:mvdan/gofumpt"."platforms.linux-x64-baseline"]
checksum = "sha256:72cf61b12fef91eab6df6db4a4284f30616b5ead330112e28a1fa1cb15e57339"
url = "https://github.com/mvdan/gofumpt/releases/download/v0.9.2/gofumpt_v0.9.2_linux_amd64"

[tools."aqua:mvdan/gofumpt"."platforms.linux-x64-musl"]
checksum = "sha256:72cf61b12fef91eab6df6db4a4284f30616b5ead330112e28a1fa1cb15e57339"
url = "https://github.com/mvdan/gofumpt/releases/download/v0.9.2/gofumpt_v0.9.2_linux_amd64"

[tools."aqua:mvdan/gofumpt"."platforms.linux-x64-musl-baseline"]
checksum = "sha256:72cf61b12fef91eab6df6db4a4284f30616b5ead330112e28a1fa1cb15e57339"
url = "https://github.com/mvdan/gofumpt/releases/download/v0.9.2/gofumpt_v0.9.2_linux_amd64"

[tools."aqua:mvdan/gofumpt"."platforms.macos-arm64"]
checksum = "sha256:c241fb742599a6cb0563d7377f59def65d451b23dd718dbc6ddf4ab5e695e8f1"
url = "https://github.com/mvdan/gofumpt/releases/download/v0.9.2/gofumpt_v0.9.2_darwin_arm64"

[tools."aqua:mvdan/gofumpt"."platforms.macos-x64"]
checksum = "sha256:4172b912ec514038605f334fef9ed7b3f12ca3e40024cb0a622eab3073a55e57"
url = "https://github.com/mvdan/gofumpt/releases/download/v0.9.2/gofumpt_v0.9.2_darwin_amd64"

[tools."aqua:mvdan/gofumpt"."platforms.macos-x64-baseline"]
checksum = "sha256:4172b912ec514038605f334fef9ed7b3f12ca3e40024cb0a622eab3073a55e57"
url = "https://github.com/mvdan/gofumpt/releases/download/v0.9.2/gofumpt_v0.9.2_darwin_amd64"

[tools."aqua:mvdan/gofumpt"."platforms.windows-x64"]
checksum = "sha256:067236b55a8ef4547ddc7d78fbb7a38169de15bab02a1763cde6a132c59dd35c"
url = "https://github.com/mvdan/gofumpt/releases/download/v0.9.2/gofumpt_v0.9.2_windows_amd64.exe"

[tools."aqua:mvdan/gofumpt"."platforms.windows-x64-baseline"]
checksum = "sha256:067236b55a8ef4547ddc7d78fbb7a38169de15bab02a1763cde6a132c59dd35c"
url = "https://github.com/mvdan/gofumpt/releases/download/v0.9.2/gofumpt_v0.9.2_windows_amd64.exe"

[[tools."aqua:rhysd/actionlint"]]
version = "1.7.12"
backend = "aqua:rhysd/actionlint"

[tools."aqua:rhysd/actionlint"."platforms.linux-arm64"]
checksum = "sha256:325e971b6ba9bfa504672e29be93c24981eeb1c07576d730e9f7c8805afff0c6"
url = "https://github.com/rhysd/actionlint/releases/download/v1.7.12/actionlint_1.7.12_linux_arm64.tar.gz"
provenance = "github-attestations"

[tools."aqua:rhysd/actionlint"."platforms.linux-arm64-musl"]
checksum = "sha256:325e971b6ba9bfa504672e29be93c24981eeb1c07576d730e9f7c8805afff0c6"
url = "https://github.com/rhysd/actionlint/releases/download/v1.7.12/actionlint_1.7.12_linux_arm64.tar.gz"
provenance = "github-attestations"

[tools."aqua:rhysd/actionlint"."platforms.linux-x64"]
checksum = "sha256:8aca8db96f1b94770f1b0d72b6dddcb1ebb8123cb3712530b08cc387b349a3d8"
url = "https://github.com/rhysd/actionlint/releases/download/v1.7.12/actionlint_1.7.12_linux_amd64.tar.gz"
provenance = "github-attestations"

[tools."aqua:rhysd/actionlint"."platforms.linux-x64-baseline"]
checksum = "sha256:8aca8db96f1b94770f1b0d72b6dddcb1ebb8123cb3712530b08cc387b349a3d8"
url = "https://github.com/rhysd/actionlint/releases/download/v1.7.12/actionlint_1.7.12_linux_amd64.tar.gz"
provenance = "github-attestations"

[tools."aqua:rhysd/actionlint"."platforms.linux-x64-musl"]
checksum = "sha256:8aca8db96f1b94770f1b0d72b6dddcb1ebb8123cb3712530b08cc387b349a3d8"
url = "https://github.com/rhysd/actionlint/releases/download/v1.7.12/actionlint_1.7.12_linux_amd64.tar.gz"
provenance = "github-attestations"

[tools."aqua:rhysd/actionlint"."platforms.linux-x64-musl-baseline"]
checksum = "sha256:8aca8db96f1b94770f1b0d72b6dddcb1ebb8123cb3712530b08cc387b349a3d8"
url = "https://github.com/rhysd/actionlint/releases/download/v1.7.12/actionlint_1.7.12_linux_amd64.tar.gz"
provenance = "github-attestations"

[tools."aqua:rhysd/actionlint"."platforms.macos-arm64"]
checksum = "sha256:aba9ced2dee8d27fecca3dc7feb1a7f9a52caefa1eb46f3271ea66b6e0e6953f"
url = "https://github.com/rhysd/actionlint/releases/download/v1.7.12/actionlint_1.7.12_darwin_arm64.tar.gz"
provenance = "github-attestations"

[tools."aqua:rhysd/actionlint"."platforms.macos-x64"]
checksum = "sha256:5b44c3bc2255115c9b69e30efc0fecdf498fdb63c5d58e17084fd5f16324c644"
url = "https://github.com/rhysd/actionlint/releases/download/v1.7.12/actionlint_1.7.12_darwin_amd64.tar.gz"
provenance = "github-attestations"

[tools."aqua:rhysd/actionlint"."platforms.macos-x64-baseline"]
checksum = "sha256:5b44c3bc2255115c9b69e30efc0fecdf498fdb63c5d58e17084fd5f16324c644"
url = "https://github.com/rhysd/actionlint/releases/download/v1.7.12/actionlint_1.7.12_darwin_amd64.tar.gz"
provenance = "github-attestations"

[tools."aqua:rhysd/actionlint"."platforms.windows-x64"]
checksum = "sha256:6e7241b51e6817ea6a047693d8e6fed13b31819c9a0dd6c5a726e1592d22f6e9"
url = "https://github.com/rhysd/actionlint/releases/download/v1.7.12/actionlint_1.7.12_windows_amd64.zip"
provenance = "github-attestations"

[tools."aqua:rhysd/actionlint"."platforms.windows-x64-baseline"]
checksum = "sha256:6e7241b51e6817ea6a047693d8e6fed13b31819c9a0dd6c5a726e1592d22f6e9"
url = "https://github.com/rhysd/actionlint/releases/download/v1.7.12/actionlint_1.7.12_windows_amd64.zip"
provenance = "github-attestations"

[[tools."aqua:zizmorcore/zizmor"]]
version = "1.24.1"
backend = "aqua:zizmorcore/zizmor"

[tools."aqua:zizmorcore/zizmor"."platforms.linux-arm64"]
checksum = "sha256:d66e37ef8a375fb07939c630ebf9709a6e0f20242bdc3faf672a7ed97e0b768d"
url = "https://github.com/zizmorcore/zizmor/releases/download/v1.24.1/zizmor-aarch64-unknown-linux-gnu.tar.gz"
provenance = "github-attestations"

[tools."aqua:zizmorcore/zizmor"."platforms.linux-arm64-musl"]
provenance = "github-attestations"

[tools."aqua:zizmorcore/zizmor"."platforms.linux-x64"]
checksum = "sha256:a8000f3c683319a523d3b20df0e75457ba591f049cfcbfa98966631b56733c03"
url = "https://github.com/zizmorcore/zizmor/releases/download/v1.24.1/zizmor-x86_64-unknown-linux-gnu.tar.gz"
provenance = "github-attestations"

[tools."aqua:zizmorcore/zizmor"."platforms.linux-x64-baseline"]
checksum = "sha256:a8000f3c683319a523d3b20df0e75457ba591f049cfcbfa98966631b56733c03"
url = "https://github.com/zizmorcore/zizmor/releases/download/v1.24.1/zizmor-x86_64-unknown-linux-gnu.tar.gz"
provenance = "github-attestations"

[tools."aqua:zizmorcore/zizmor"."platforms.linux-x64-musl"]
provenance = "github-attestations"

[tools."aqua:zizmorcore/zizmor"."platforms.linux-x64-musl-baseline"]
provenance = "github-attestations"

[tools."aqua:zizmorcore/zizmor"."platforms.macos-arm64"]
checksum = "sha256:fc4ea59e18bc028dddb5f710b16dbc361b01ff1e7a20c03b8e5778366ca9f4e1"
url = "https://github.com/zizmorcore/zizmor/releases/download/v1.24.1/zizmor-aarch64-apple-darwin.tar.gz"
provenance = "github-attestations"

[tools."aqua:zizmorcore/zizmor"."platforms.macos-x64"]
checksum = "sha256:721ba70d7fca753aeef1a4ee959a9bc20c55784d4faa6c56e66129a2611fd52f"
url = "https://github.com/zizmorcore/zizmor/releases/download/v1.24.1/zizmor-x86_64-apple-darwin.tar.gz"
provenance = "github-attestations"

[tools."aqua:zizmorcore/zizmor"."platforms.macos-x64-baseline"]
checksum = "sha256:721ba70d7fca753aeef1a4ee959a9bc20c55784d4faa6c56e66129a2611fd52f"
url = "https://github.com/zizmorcore/zizmor/releases/download/v1.24.1/zizmor-x86_64-apple-darwin.tar.gz"
provenance = "github-attestations"

[tools."aqua:zizmorcore/zizmor"."platforms.windows-x64"]
checksum = "sha256:b777ec2cb1098139ba74b32e30d11ed149c69ab692d23788c466d4a31704bd4b"
url = "https://github.com/zizmorcore/zizmor/releases/download/v1.24.1/zizmor-x86_64-pc-windows-msvc.zip"
provenance = "github-attestations"

[tools."aqua:zizmorcore/zizmor"."platforms.windows-x64-baseline"]
checksum = "sha256:b777ec2cb1098139ba74b32e30d11ed149c69ab692d23788c466d4a31704bd4b"
url = "https://github.com/zizmorcore/zizmor/releases/download/v1.24.1/zizmor-x86_64-pc-windows-msvc.zip"
provenance = "github-attestations"

[[tools.bun]]
version = "1.3.13"
backend = "core:bun"

[tools.bun."platforms.linux-arm64"]
checksum = "sha256:70bae41b3908b0a120e1e58c5c8af30e74afae3b8d11b0d3fdd8e787ddfb4b22"
url = "https://github.com/oven-sh/bun/releases/download/bun-v1.3.13/bun-linux-aarch64.zip"

[tools.bun."platforms.linux-arm64-musl"]
checksum = "sha256:5385e978107ce4934298d8d6afe9bfbb898683f6cc23e6753a0da60bc60c5b81"
url = "https://github.com/oven-sh/bun/releases/download/bun-v1.3.13/bun-linux-aarch64-musl.zip"

[tools.bun."platforms.linux-x64"]
checksum = "sha256:79c0771fa8b92c33aae41e15a0e0d307ea99d0e2f00317c71c6c53237a78e25a"
url = "https://github.com/oven-sh/bun/releases/download/bun-v1.3.13/bun-linux-x64.zip"

[tools.bun."platforms.linux-x64-baseline"]
checksum = "sha256:9d8a24292a7068090205daac0a5a223f5f69736f5287e37bf88d3b4031edc750"
url = "https://github.com/oven-sh/bun/releases/download/bun-v1.3.13/bun-linux-x64-baseline.zip"

[tools.bun."platforms.linux-x64-musl"]
checksum = "sha256:5b91a48f0b00df9fd2da8bff1a795d2659d842da966432969203f25da19d1c74"
url = "https://github.com/oven-sh/bun/releases/download/bun-v1.3.13/bun-linux-x64-musl.zip"

[tools.bun."platforms.linux-x64-musl-baseline"]
checksum = "sha256:88ca7c7ad235b498f549eea2f770f434e9f0f5e9ba95168a2d3a1f235184c394"
url = "https://github.com/oven-sh/bun/releases/download/bun-v1.3.13/bun-linux-x64-musl-baseline.zip"

[tools.bun."platforms.macos-arm64"]
checksum = "sha256:5467e3f65dba526b9fea98f0cce04efafc0c63e169733ec27b876a3ad32da190"
url = "https://github.com/oven-sh/bun/releases/download/bun-v1.3.13/bun-darwin-aarch64.zip"

[tools.bun."platforms.macos-x64"]
checksum = "sha256:e5a6c8b64f419925232d111ecb13e25f0abf55e54f792341f987623fd0778009"
url = "https://github.com/oven-sh/bun/releases/download/bun-v1.3.13/bun-darwin-x64.zip"

[tools.bun."platforms.macos-x64-baseline"]
checksum = "sha256:a98ba6a480f22fda9b343626b906a4e26aa53618bf85d2bc5928ecf2ba45f0ed"
url = "https://github.com/oven-sh/bun/releases/download/bun-v1.3.13/bun-darwin-x64-baseline.zip"

[tools.bun."platforms.windows-x64"]
checksum = "sha256:85b14f3e0584218e9b63407b3aa6b90c4835ec5c32435c1f12cb6fc13667c7c9"
url = "https://github.com/oven-sh/bun/releases/download/bun-v1.3.13/bun-windows-x64.zip"

[tools.bun."platforms.windows-x64-baseline"]
checksum = "sha256:c68c7903c1190101590cc1b2129835f47211b3b37ae87759f2b97d6534aa3ad1"
url = "https://github.com/oven-sh/bun/releases/download/bun-v1.3.13/bun-windows-x64-baseline.zip"

[[tools.go]]
version = "1.26.3"
backend = "core:go"

[tools.go."platforms.linux-arm64"]
checksum = "sha256:9d89a3ea57d141c2b22d70083f2c8459ba3890f2d9e818e7e933b75614936565"
url = "https://dl.google.com/go/go1.26.3.linux-arm64.tar.gz"

[tools.go."platforms.linux-arm64-musl"]
checksum = "sha256:9d89a3ea57d141c2b22d70083f2c8459ba3890f2d9e818e7e933b75614936565"
url = "https://dl.google.com/go/go1.26.3.linux-arm64.tar.gz"

[tools.go."platforms.linux-x64"]
checksum = "sha256:2b2cfc7148493da5e73981bffbf3353af381d5f93e789c82c79aff64962eb556"
url = "https://dl.google.com/go/go1.26.3.linux-amd64.tar.gz"

[tools.go."platforms.linux-x64-baseline"]
checksum = "sha256:2b2cfc7148493da5e73981bffbf3353af381d5f93e789c82c79aff64962eb556"
url = "https://dl.google.com/go/go1.26.3.linux-amd64.tar.gz"

[tools.go."platforms.linux-x64-musl"]
checksum = "sha256:2b2cfc7148493da5e73981bffbf3353af381d5f93e789c82c79aff64962eb556"
url = "https://dl.google.com/go/go1.26.3.linux-amd64.tar.gz"

[tools.go."platforms.linux-x64-musl-baseline"]
checksum = "sha256:2b2cfc7148493da5e73981bffbf3353af381d5f93e789c82c79aff64962eb556"
url = "https://dl.google.com/go/go1.26.3.linux-amd64.tar.gz"

[tools.go."platforms.macos-arm64"]
checksum = "sha256:875cf54a15311eee2c99b9dd67c68c4a49351d489ab622bf2cfd28c8f2078d3c"
url = "https://dl.google.com/go/go1.26.3.darwin-arm64.tar.gz"

[tools.go."platforms.macos-x64"]
checksum = "sha256:278d580b32e299fe4a9c990fcf2d02acfe538c7e551a6ee18f9c7164573d2c63"
url = "https://dl.google.com/go/go1.26.3.darwin-amd64.tar.gz"

[tools.go."platforms.macos-x64-baseline"]
checksum = "sha256:278d580b32e299fe4a9c990fcf2d02acfe538c7e551a6ee18f9c7164573d2c63"
url = "https://dl.google.com/go/go1.26.3.darwin-amd64.tar.gz"

[tools.go."platforms.windows-x64"]
checksum = "sha256:20d2ceafb4ed41b96b879010927b28bc92a5be57a7c1801ce365a9ca51d3224a"
url = "https://dl.google.com/go/go1.26.3.windows-amd64.zip"

[tools.go."platforms.windows-x64-baseline"]
checksum = "sha256:20d2ceafb4ed41b96b879010927b28bc92a5be57a7c1801ce365a9ca51d3224a"
url = "https://dl.google.com/go/go1.26.3.windows-amd64.zip"

[[tools."go:github.com/google/osv-scanner/v2/cmd/osv-scanner"]]
version = "2.3.5"
backend = "go:github.com/google/osv-scanner/v2/cmd/osv-scanner"

[[tools."go:golang.org/x/vuln/cmd/govulncheck"]]
version = "1.1.4"
backend = "go:golang.org/x/vuln/cmd/govulncheck"
